Microsoft Visual Studio Solution File, Format Version 12.00
# Visual Studio Version 17
VisualStudioVersion = 17.5.2.0
MinimumVisualStudioVersion = 10.0.40219.1
Project("{FAE04EC0-301F-11D3-BF4B-00C04F79EFBC}") = "00-Classic", "00-Classic.csproj", "{8067D835-F9D1-E304-A326-CC30C05CB3F1}"
EndProject
Global
	GlobalSection(SolutionConfigurationPlatforms) = preSolution
		Debug|Any CPU = Debug|Any CPU
		Release|Any CPU = Release|Any CPU
	EndGlobalSection
	GlobalSection(ProjectConfigurationPlatforms) = postSolution
		{8067D835-F9D1-E304-A326-CC30C05CB3F1}.Debug|Any CPU.ActiveCfg = Debug|Any CPU
		{8067D835-F9D1-E304-A326-CC30C05CB3F1}.Debug|Any CPU.Build.0 = Debug|Any CPU
		{8067D835-F9D1-E304-A326-CC30C05CB3F1}.Release|Any CPU.ActiveCfg = Release|Any CPU
		{8067D835-F9D1-E304-A326-CC30C05CB3F1}.Release|Any CPU.Build.0 = Release|Any CPU
	EndGlobalSection
	GlobalSection(SolutionProperties) = preSolution
		HideSolutionNode = FALSE
	EndGlobalSection
	GlobalSection(ExtensibilityGlobals) = postSolution
		SolutionGuid = {0BBBAF34-991C-4D92-BA47-F15B016215A5}
	EndGlobalSection
EndGlobal
