Microsoft Visual Studio Solution File, Format Version 12.00
# Visual Studio Version 17
VisualStudioVersion = 17.5.2.0
MinimumVisualStudioVersion = 10.0.40219.1
Project("{FAE04EC0-301F-11D3-BF4B-00C04F79EFBC}") = "Lady", "Lady.csproj", "{8DF6EDE8-BC87-0404-08D0-95234F87804E}"
EndProject
Global
	GlobalSection(SolutionConfigurationPlatforms) = preSolution
		Debug|Any CPU = Debug|Any CPU
		Release|Any CPU = Release|Any CPU
	EndGlobalSection
	GlobalSection(ProjectConfigurationPlatforms) = postSolution
		{8DF6EDE8-BC87-0404-08D0-95234F87804E}.Debug|Any CPU.ActiveCfg = Debug|Any CPU
		{8DF6EDE8-BC87-0404-08D0-95234F87804E}.Debug|Any CPU.Build.0 = Debug|Any CPU
		{8DF6EDE8-BC87-0404-08D0-95234F87804E}.Release|Any CPU.ActiveCfg = Release|Any CPU
		{8DF6EDE8-BC87-0404-08D0-95234F87804E}.Release|Any CPU.Build.0 = Release|Any CPU
	EndGlobalSection
	GlobalSection(SolutionProperties) = preSolution
		HideSolutionNode = FALSE
	EndGlobalSection
	GlobalSection(ExtensibilityGlobals) = postSolution
		SolutionGuid = {EE37BA49-0EEB-43C3-BB2C-312E7FD59836}
	EndGlobalSection
EndGlobal
