Microsoft Visual Studio Solution File, Format Version 12.00
# Visual Studio Version 17
VisualStudioVersion = 17.5.2.0
MinimumVisualStudioVersion = 10.0.40219.1
Project("{FAE04EC0-301F-11D3-BF4B-00C04F79EFBC}") = "InternetOFilme", "InternetOFilme.csproj", "{16D3644C-7F23-D530-F4E2-E63A83F13955}"
EndProject
Global
	GlobalSection(SolutionConfigurationPlatforms) = preSolution
		Debug|Any CPU = Debug|Any CPU
		Release|Any CPU = Release|Any CPU
	EndGlobalSection
	GlobalSection(ProjectConfigurationPlatforms) = postSolution
		{16D3644C-7F23-D530-F4E2-E63A83F13955}.Debug|Any CPU.ActiveCfg = Debug|Any CPU
		{16D3644C-7F23-D530-F4E2-E63A83F13955}.Debug|Any CPU.Build.0 = Debug|Any CPU
		{16D3644C-7F23-D530-F4E2-E63A83F13955}.Release|Any CPU.ActiveCfg = Release|Any CPU
		{16D3644C-7F23-D530-F4E2-E63A83F13955}.Release|Any CPU.Build.0 = Release|Any CPU
	EndGlobalSection
	GlobalSection(SolutionProperties) = preSolution
		HideSolutionNode = FALSE
	EndGlobalSection
	GlobalSection(ExtensibilityGlobals) = postSolution
		SolutionGuid = {0F6332B9-F8CF-4B23-962C-23E9AAC96739}
	EndGlobalSection
EndGlobal
