Microsoft Visual Studio Solution File, Format Version 12.00
# Visual Studio Version 17
VisualStudioVersion = 17.5.2.0
MinimumVisualStudioVersion = 10.0.40219.1
Project("{FAE04EC0-301F-11D3-BF4B-00C04F79EFBC}") = "Doke", "Doke.csproj", "{D720B474-E1A2-D379-CBDB-9EEE4DDA0B77}"
EndProject
Global
	GlobalSection(SolutionConfigurationPlatforms) = preSolution
		Debug|Any CPU = Debug|Any CPU
		Release|Any CPU = Release|Any CPU
	EndGlobalSection
	GlobalSection(ProjectConfigurationPlatforms) = postSolution
		{D720B474-E1A2-D379-CBDB-9EEE4DDA0B77}.Debug|Any CPU.ActiveCfg = Debug|Any CPU
		{D720B474-E1A2-D379-CBDB-9EEE4DDA0B77}.Debug|Any CPU.Build.0 = Debug|Any CPU
		{D720B474-E1A2-D379-CBDB-9EEE4DDA0B77}.Release|Any CPU.ActiveCfg = Release|Any CPU
		{D720B474-E1A2-D379-CBDB-9EEE4DDA0B77}.Release|Any CPU.Build.0 = Release|Any CPU
	EndGlobalSection
	GlobalSection(SolutionProperties) = preSolution
		HideSolutionNode = FALSE
	EndGlobalSection
	GlobalSection(ExtensibilityGlobals) = postSolution
		SolutionGuid = {3D7CDCD3-8119-411A-8546-B39FA4D8D2CC}
	EndGlobalSection
EndGlobal
